
Microsoft Visual Studio Solution File, Format Version 12.00
# Visual Studio Version 16
VisualStudioVersion = 16.0.32228.343
MinimumVisualStudioVersion = 10.0.40219.1
Project("{FAE04EC0-301F-11D3-BF4B-00C04F79EFBC}") = "ShellSort", "ShellSort\ShellSort.csproj", "{5280263F-E879-4643-AAEE-F6359DB1660D}"
EndProject
Global
	GlobalSection(SolutionConfigurationPlatforms) = preSolution
		Debug|Any CPU = Debug|Any CPU
		Release|Any CPU = Release|Any CPU
	EndGlobalSection
	GlobalSection(ProjectConfigurationPlatforms) = postSolution
		{5280263F-E879-4643-AAEE-F6359DB1660D}.Debug|Any CPU.ActiveCfg = Debug|Any CPU
		{5280263F-E879-4643-AAEE-F6359DB1660D}.Debug|Any CPU.Build.0 = Debug|Any CPU
		{5280263F-E879-4643-AAEE-F6359DB1660D}.Release|Any CPU.ActiveCfg = Release|Any CPU
		{5280263F-E879-4643-AAEE-F6359DB1660D}.Release|Any CPU.Build.0 = Release|Any CPU
	EndGlobalSection
	GlobalSection(SolutionProperties) = preSolution
		HideSolutionNode = FALSE
	EndGlobalSection
	GlobalSection(ExtensibilityGlobals) = postSolution
		SolutionGuid = {033C4B32-57F9-4529-80C1-E39DF4CC4F52}
	EndGlobalSection
EndGlobal
